
Microsoft Visual Studio Solution File, Format Version 12.00
# Visual Studio 15
VisualStudioVersion = 15.0.28307.902
MinimumVisualStudioVersion = 10.0.40219.1
Project("{FAE04EC0-301F-11D3-BF4B-00C04F79EFBC}") = "RESTAPIAutomation", "RESTAPIAutomation\RESTAPIAutomation.csproj", "{AC497042-C214-4D70-9D4C-63AC87679900}"
EndProject
Global
	GlobalSection(SolutionConfigurationPlatforms) = preSolution
		Debug|Any CPU = Debug|Any CPU
		Release|Any CPU = Release|Any CPU
	EndGlobalSection
	GlobalSection(ProjectConfigurationPlatforms) = postSolution
		{AC497042-C214-4D70-9D4C-63AC87679900}.Debug|Any CPU.ActiveCfg = Debug|Any CPU
		{AC497042-C214-4D70-9D4C-63AC87679900}.Debug|Any CPU.Build.0 = Debug|Any CPU
		{AC497042-C214-4D70-9D4C-63AC87679900}.Release|Any CPU.ActiveCfg = Release|Any CPU
		{AC497042-C214-4D70-9D4C-63AC87679900}.Release|Any CPU.Build.0 = Release|Any CPU
	EndGlobalSection
	GlobalSection(SolutionProperties) = preSolution
		HideSolutionNode = FALSE
	EndGlobalSection
	GlobalSection(ExtensibilityGlobals) = postSolution
		SolutionGuid = {870DF23C-9E00-44C1-8FB7-3BA908AAFAD7}
	EndGlobalSection
EndGlobal
